
Microsoft Visual Studio Solution File, Format Version 12.00
# Visual Studio Version 17
VisualStudioVersion = 17.7.34031.279
MinimumVisualStudioVersion = 10.0.40219.1
Project("{FAE04EC0-301F-11D3-BF4B-00C04F79EFBC}") = "Shotgun", "Shotgun\Shotgun.csproj", "{527DB367-89F7-4775-B007-0279BC854145}"
EndProject
Global
	GlobalSection(SolutionConfigurationPlatforms) = preSolution
		Debug|Any CPU = Debug|Any CPU
		Release|Any CPU = Release|Any CPU
	EndGlobalSection
	GlobalSection(ProjectConfigurationPlatforms) = postSolution
		{527DB367-89F7-4775-B007-0279BC854145}.Debug|Any CPU.ActiveCfg = Debug|Any CPU
		{527DB367-89F7-4775-B007-0279BC854145}.Debug|Any CPU.Build.0 = Debug|Any CPU
		{527DB367-89F7-4775-B007-0279BC854145}.Release|Any CPU.ActiveCfg = Release|Any CPU
		{527DB367-89F7-4775-B007-0279BC854145}.Release|Any CPU.Build.0 = Release|Any CPU
	EndGlobalSection
	GlobalSection(SolutionProperties) = preSolution
		HideSolutionNode = FALSE
	EndGlobalSection
	GlobalSection(ExtensibilityGlobals) = postSolution
		SolutionGuid = {D63F0F5C-CE87-43C3-9834-6A7D26EC2602}
	EndGlobalSection
EndGlobal
